
Microsoft Visual Studio Solution File, Format Version 12.00
# Visual Studio Version 17
VisualStudioVersion = 17.10.34902.84
MinimumVisualStudioVersion = 10.0.40219.1
Project("{9A19103F-16F7-4668-BE54-9A1E7A4F7556}") = "ShopMaMonolitic", "ShopMaMonolitic.csproj", "{22BAD0F1-FE19-42A1-B009-B0D5A3FBB769}"
EndProject
Global
	GlobalSection(SolutionConfigurationPlatforms) = preSolution
		Debug|Any CPU = Debug|Any CPU
		Release|Any CPU = Release|Any CPU
	EndGlobalSection
	GlobalSection(ProjectConfigurationPlatforms) = postSolution
		{22BAD0F1-FE19-42A1-B009-B0D5A3FBB769}.Debug|Any CPU.ActiveCfg = Debug|Any CPU
		{22BAD0F1-FE19-42A1-B009-B0D5A3FBB769}.Debug|Any CPU.Build.0 = Debug|Any CPU
		{22BAD0F1-FE19-42A1-B009-B0D5A3FBB769}.Release|Any CPU.ActiveCfg = Release|Any CPU
		{22BAD0F1-FE19-42A1-B009-B0D5A3FBB769}.Release|Any CPU.Build.0 = Release|Any CPU
	EndGlobalSection
	GlobalSection(SolutionProperties) = preSolution
		HideSolutionNode = FALSE
	EndGlobalSection
	GlobalSection(ExtensibilityGlobals) = postSolution
		SolutionGuid = {A002ADB4-968B-438A-B898-815546B53F4F}
	EndGlobalSection
EndGlobal
